// !$*UTF8*$!
{
	archiveVersion = 1;
	classes = {
	};
	objectVersion = 56;
	objects = {

/* Begin PBXBuildFile section */
		426988D1293613370042F132 /* AppDelegate.swift in Sources */ = {isa = PBXBuildFile; fileRef = 426988D0293613370042F132 /* AppDelegate.swift */; };
		426988D3293613370042F132 /* SceneDelegate.swift in Sources */ = {isa = PBXBuildFile; fileRef = 426988D2293613370042F132 /* SceneDelegate.swift */; };
		426988D5293613370042F132 /* ViewController.swift in Sources */ = {isa = PBXBuildFile; fileRef = 426988D4293613370042F132 /* ViewController.swift */; };
		426988D8293613370042F132 /* Main.storyboard in Resources */ = {isa = PBXBuildFile; fileRef = 426988D6293613370042F132 /* Main.storyboard */; };
		426988DA2936133B0042F132 /* Assets.xcassets in Resources */ = {isa = PBXBuildFile; fileRef = 426988D92936133B0042F132 /* Assets.xcassets */; };
		426988DD2936133B0042F132 /* LaunchScreen.storyboard in Resources */ = {isa = PBXBuildFile; fileRef = 426988DB2936133B0042F132 /* LaunchScreen.storyboard */; };
		426988E82936133B0042F132 /* TicTacToeGameTests.swift in Sources */ = {isa = PBXBuildFile; fileRef = 426988E72936133B0042F132 /* TicTacToeGameTests.swift */; };
		426988F22936133B0042F132 /* TicTacToeGameUITests.swift in Sources */ = {isa = PBXBuildFile; fileRef = 426988F12936133B0042F132 /* TicTacToeGameUITests.swift */; };
		426988F42936133B0042F132 /* TicTacToeGameUITestsLaunchTests.swift in Sources */ = {isa = PBXBuildFile; fileRef = 426988F32936133B0042F132 /* TicTacToeGameUITestsLaunchTests.swift */; };
/* End PBXBuildFile section */

/* Begin PBXContainerItemProxy section */
		426988E42936133B0042F132 /* PBXContainerItemProxy */ = {
			isa = PBXContainerItemProxy;
			containerPortal = 426988C5293613370042F132 /* Project object */;
			proxyType = 1;
			remoteGlobalIDString = 426988CC293613370042F132;
			remoteInfo = TicTacToeGame;
		};
		426988EE2936133B0042F132 /* PBXContainerItemProxy */ = {
			isa = PBXContainerItemProxy;
			containerPortal = 426988C5293613370042F132 /* Project object */;
			proxyType = 1;
			remoteGlobalIDString = 426988CC293613370042F132;
			remoteInfo = TicTacToeGame;
		};
/* End PBXContainerItemProxy section */

/* Begin PBXFileReference section */
		426988CD293613370042F132 /* TicTacToeGame.app */ = {isa = PBXFileReference; explicitFileType = wrapper.application; includeInIndex = 0; path = TicTacToeGame.app; sourceTree = BUILT_PRODUCTS_DIR; };
		426988D0293613370042F132 /* AppDelegate.swift */ = {isa = PBXFileReference; lastKnownFileType = sourcecode.swift; path = AppDelegate.swift; sourceTree = "<group>"; };
		426988D2293613370042F132 /* SceneDelegate.swift */ = {isa = PBXFileReference; lastKnownFileType = sourcecode.swift; path = SceneDelegate.swift; sourceTree = "<group>"; };
		426988D4293613370042F132 /* ViewController.swift */ = {isa = PBXFileReference; lastKnownFileType = sourcecode.swift; path = ViewController.swift; sourceTree = "<group>"; };
		426988D7293613370042F132 /* Base */ = {isa = PBXFileReference; lastKnownFileType = file.storyboard; name = Base; path = Base.lproj/Main.storyboard; sourceTree = "<group>"; };
		426988D92936133B0042F132 /* Assets.xcassets */ = {isa = PBXFileReference; lastKnownFileType = folder.assetcatalog; path = Assets.xcassets; sourceTree = "<group>"; };
		426988DC2936133B0042F132 /* Base */ = {isa = PBXFileReference; lastKnownFileType = file.storyboard; name = Base; path = Base.lproj/LaunchScreen.storyboard; sourceTree = "<group>"; };
		426988DE2936133B0042F132 /* Info.plist */ = {isa = PBXFileReference; lastKnownFileType = text.plist.xml; path = Info.plist; sourceTree = "<group>"; };
		426988E32936133B0042F132 /* TicTacToeGameTests.xctest */ = {isa = PBXFileReference; explicitFileType = wrapper.cfbundle; includeInIndex = 0; path = TicTacToeGameTests.xctest; sourceTree = BUILT_PRODUCTS_DIR; };
		426988E72936133B0042F132 /* TicTacToeGameTests.swift */ = {isa = PBXFileReference; lastKnownFileType = sourcecode.swift; path = TicTacToeGameTests.swift; sourceTree = "<group>"; };
		426988ED2936133B0042F132 /* TicTacToeGameUITests.xctest */ = {isa = PBXFileReference; explicitFileType = wrapper.cfbundle; includeInIndex = 0; path = TicTacToeGameUITests.xctest; sourceTree = BUILT_PRODUCTS_DIR; };
		426988F12936133B0042F132 /* TicTacToeGameUITests.swift */ = {isa = PBXFileReference; lastKnownFileType = sourcecode.swift; path = TicTacToeGameUITests.swift; sourceTree = "<group>"; };
		426988F32936133B0042F132 /* TicTacToeGameUITestsLaunchTests.swift */ = {isa = PBXFileReference; lastKnownFileType = sourcecode.swift; path = TicTacToeGameUITestsLaunchTests.swift; sourceTree = "<group>"; };
/* End PBXFileReference section */

/* Begin PBXFrameworksBuildPhase section */
		426988CA293613370042F132 /* Frameworks */ = {
			isa = PBXFrameworksBuildPhase;
			buildActionMask = 2147483647;
			files = (
			);
			runOnlyForDeploymentPostprocessing = 0;
		};
		426988E02936133B0042F132 /* Frameworks */ = {
			isa = PBXFrameworksBuildPhase;
			buildActionMask = 2147483647;
			files = (
			);
			runOnlyForDeploymentPostprocessing = 0;
		};
		426988EA2936133B0042F132 /* Frameworks */ = {
			isa = PBXFrameworksBuildPhase;
			buildActionMask = 2147483647;
			files = (
			);
			runOnlyForDeploymentPostprocessing = 0;
		};
/* End PBXFrameworksBuildPhase section */

/* Begin PBXGroup section */
		426988C4293613370042F132 = {
			isa = PBXGroup;
			children = (
				426988CF293613370042F132 /* TicTacToeGame */,
				426988E62936133B0042F132 /* TicTacToeGameTests */,
				426988F02936133B0042F132 /* TicTacToeGameUITests */,
				426988CE293613370042F132 /* Products */,
			);
			sourceTree = "<group>";
		};
		426988CE293613370042F132 /* Products */ = {
			isa = PBXGroup;
			children = (
				426988CD293613370042F132 /* TicTacToeGame.app */,
				426988E32936133B0042F132 /* TicTacToeGameTests.xctest */,
				426988ED2936133B0042F132 /* TicTacToeGameUITests.xctest */,
			);
			name = Products;
			sourceTree = "<group>";
		};
		426988CF293613370042F132 /* TicTacToeGame */ = {
			isa = PBXGroup;
			children = (
				426988D0293613370042F132 /* AppDelegate.swift */,
				426988D2293613370042F132 /* SceneDelegate.swift */,
				426988D4293613370042F132 /* ViewController.swift */,
				426988D6293613370042F132 /* Main.storyboard */,
				426988D92936133B0042F132 /* Assets.xcassets */,
				426988DB2936133B0042F132 /* LaunchScreen.storyboard */,
				426988DE2936133B0042F132 /* Info.plist */,
			);
			path = TicTacToeGame;
			sourceTree = "<group>";
		};
		426988E62936133B0042F132 /* TicTacToeGameTests */ = {
			isa = PBXGroup;
			children = (
				426988E72936133B0042F132 /* TicTacToeGameTests.swift */,
			);
			path = TicTacToeGameTests;
			sourceTree = "<group>";
		};
		426988F02936133B0042F132 /* TicTacToeGameUITests */ = {
			isa = PBXGroup;
			children = (
				426988F12936133B0042F132 /* TicTacToeGameUITests.swift */,
				426988F32936133B0042F132 /* TicTacToeGameUITestsLaunchTests.swift */,
			);
			path = TicTacToeGameUITests;
			sourceTree = "<group>";
		};
/* End PBXGroup section */

/* Begin PBXNativeTarget section */
		426988CC293613370042F132 /* TicTacToeGame */ = {
			isa = PBXNativeTarget;
			buildConfigurationList = 426988F72936133B0042F132 /* Build configuration list for PBXNativeTarget "TicTacToeGame" */;
			buildPhases = (
				426988C9293613370042F132 /* Sources */,
				426988CA293613370042F132 /* Frameworks */,
				426988CB293613370042F132 /* Resources */,
			);
			buildRules = (
			);
			dependencies = (
			);
			name = TicTacToeGame;
			productName = TicTacToeGame;
			productReference = 426988CD293613370042F132 /* TicTacToeGame.app */;
			productType = "com.apple.product-type.application";
		};
		426988E22936133B0042F132 /* TicTacToeGameTests */ = {
			isa = PBXNativeTarget;
			buildConfigurationList = 426988FA2936133B0042F132 /* Build configuration list for PBXNativeTarget "TicTacToeGameTests" */;
			buildPhases = (
				426988DF2936133B0042F132 /* Sources */,
				426988E02936133B0042F132 /* Frameworks */,
				426988E12936133B0042F132 /* Resources */,
			);
			buildRules = (
			);
			dependencies = (
				426988E52936133B0042F132 /* PBXTargetDependency */,
			);
			name = TicTacToeGameTests;
			productName = TicTacToeGameTests;
			productReference = 426988E32936133B0042F132 /* TicTacToeGameTests.xctest */;
			productType = "com.apple.product-type.bundle.unit-test";
		};
		426988EC2936133B0042F132 /* TicTacToeGameUITests */ = {
			isa = PBXNativeTarget;
			buildConfigurationList = 426988FD2936133B0042F132 /* Build configuration list for PBXNativeTarget "TicTacToeGameUITests" */;
			buildPhases = (
				426988E92936133B0042F132 /* Sources */,
				426988EA2936133B0042F132 /* Frameworks */,
				426988EB2936133B0042F132 /* Resources */,
			);
			buildRules = (
			);
			dependencies = (
				426988EF2936133B0042F132 /* PBXTargetDependency */,
			);
			name = TicTacToeGameUITests;
			productName = TicTacToeGameUITests;
			productReference = 426988ED2936133B0042F132 /* TicTacToeGameUITests.xctest */;
			productType = "com.apple.product-type.bundle.ui-testing";
		};
/* End PBXNativeTarget section */

/* Begin PBXProject section */
		426988C5293613370042F132 /* Project object */ = {
			isa = PBXProject;
			attributes = {
				BuildIndependentTargetsInParallel = 1;
				LastSwiftUpdateCheck = 1410;
				LastUpgradeCheck = 1410;
				TargetAttributes = {
					426988CC293613370042F132 = {
						CreatedOnToolsVersion = 14.1;
					};
					426988E22936133B0042F132 = {
						CreatedOnToolsVersion = 14.1;
						TestTargetID = 426988CC293613370042F132;
					};
					426988EC2936133B0042F132 = {
						CreatedOnToolsVersion = 14.1;
						TestTargetID = 426988CC293613370042F132;
					};
				};
			};
			buildConfigurationList = 426988C8293613370042F132 /* Build configuration list for PBXProject "TicTacToeGame" */;
			compatibilityVersion = "Xcode 14.0";
			developmentRegion = en;
			hasScannedForEncodings = 0;
			knownRegions = (
				en,
				Base,
			);
			mainGroup = 426988C4293613370042F132;
			productRefGroup = 426988CE293613370042F132 /* Products */;
			projectDirPath = "";
			projectRoot = "";
			targets = (
				426988CC293613370042F132 /* TicTacToeGame */,
				426988E22936133B0042F132 /* TicTacToeGameTests */,
				426988EC2936133B0042F132 /* TicTacToeGameUITests */,
			);
		};
/* End PBXProject section */

/* Begin PBXResourcesBuildPhase section */
		426988CB293613370042F132 /* Resources */ = {
			isa = PBXResourcesBuildPhase;
			buildActionMask = 2147483647;
			files = (
				426988DD2936133B0042F132 /* LaunchScreen.storyboard in Resources */,
				426988DA2936133B0042F132 /* Assets.xcassets in Resources */,
				426988D8293613370042F132 /* Main.storyboard in Resources */,
			);
			runOnlyForDeploymentPostprocessing = 0;
		};
		426988E12936133B0042F132 /* Resources */ = {
			isa = PBXResourcesBuildPhase;
			buildActionMask = 2147483647;
			files = (
			);
			runOnlyForDeploymentPostprocessing = 0;
		};
		426988EB2936133B0042F132 /* Resources */ = {
			isa = PBXResourcesBuildPhase;
			buildActionMask = 2147483647;
			files = (
			);
			runOnlyForDeploymentPostprocessing = 0;
		};
/* End PBXResourcesBuildPhase section */

/* Begin PBXSourcesBuildPhase section */
		426988C9293613370042F132 /* Sources */ = {
			isa = PBXSourcesBuildPhase;
			buildActionMask = 2147483647;
			files = (
				426988D5293613370042F132 /* ViewController.swift in Sources */,
				426988D1293613370042F132 /* AppDelegate.swift in Sources */,
				426988D3293613370042F132 /* SceneDelegate.swift in Sources */,
			);
			runOnlyForDeploymentPostprocessing = 0;
		};
		426988DF2936133B0042F132 /* Sources */ = {
			isa = PBXSourcesBuildPhase;
			buildActionMask = 2147483647;
			files = (
				426988E82936133B0042F132 /* TicTacToeGameTests.swift in Sources */,
			);
			runOnlyForDeploymentPostprocessing = 0;
		};
		426988E92936133B0042F132 /* Sources */ = {
			isa = PBXSourcesBuildPhase;
			buildActionMask = 2147483647;
			files = (
				426988F22936133B0042F132 /* TicTacToeGameUITests.swift in Sources */,
				426988F42936133B0042F132 /* TicTacToeGameUITestsLaunchTests.swift in Sources */,
			);
			runOnlyForDeploymentPostprocessing = 0;
		};
/* End PBXSourcesBuildPhase section */

/* Begin PBXTargetDependency section */
		426988E52936133B0042F132 /* PBXTargetDependency */ = {
			isa = PBXTargetDependency;
			target = 426988CC293613370042F132 /* TicTacToeGame */;
			targetProxy = 426988E42936133B0042F132 /* PBXContainerItemProxy */;
		};
		426988EF2936133B0042F132 /* PBXTargetDependency */ = {
			isa = PBXTargetDependency;
			target = 426988CC293613370042F132 /* TicTacToeGame */;
			targetProxy = 426988EE2936133B0042F132 /* PBXContainerItemProxy */;
		};
/* End PBXTargetDependency section */

/* Begin PBXVariantGroup section */
		426988D6293613370042F132 /* Main.storyboard */ = {
			isa = PBXVariantGroup;
			children = (
				426988D7293613370042F132 /* Base */,
			);
			name = Main.storyboard;
			sourceTree = "<group>";
		};
		426988DB2936133B0042F132 /* LaunchScreen.storyboard */ = {
			isa = PBXVariantGroup;
			children = (
				426988DC2936133B0042F132 /* Base */,
			);
			name = LaunchScreen.storyboard;
			sourceTree = "<group>";
		};
/* End PBXVariantGroup section */

/* Begin XCBuildConfiguration section */
		426988F52936133B0042F132 /* Debug */ = {
			isa = XCBuildConfiguration;
			buildSettings = {
				ALWAYS_SEARCH_USER_PATHS = NO;
				CLANG_ANALYZER_NONNULL = YES;
				CLANG_ANALYZER_NUMBER_OBJECT_CONVERSION = YES_AGGRESSIVE;
				CLANG_CXX_LANGUAGE_STANDARD = "gnu++20";
				CLANG_ENABLE_MODULES = YES;
				CLANG_ENABLE_OBJC_ARC = YES;
				CLANG_ENABLE_OBJC_WEAK = YES;
				CLANG_WARN_BLOCK_CAPTURE_AUTORELEASING = YES;
				CLANG_WARN_BOOL_CONVERSION = YES;
				CLANG_WARN_COMMA = YES;
				CLANG_WARN_CONSTANT_CONVERSION = YES;
				CLANG_WARN_DEPRECATED_OBJC_IMPLEMENTATIONS = YES;
				CLANG_WARN_DIRECT_OBJC_ISA_USAGE = YES_ERROR;
				CLANG_WARN_DOCUMENTATION_COMMENTS = YES;
				CLANG_WARN_EMPTY_BODY = YES;
				CLANG_WARN_ENUM_CONVERSION = YES;
				CLANG_WARN_INFINITE_RECURSION = YES;
				CLANG_WARN_INT_CONVERSION = YES;
				CLANG_WARN_NON_LITERAL_NULL_CONVERSION = YES;
				CLANG_WARN_OBJC_IMPLICIT_RETAIN_SELF = YES;
				CLANG_WARN_OBJC_LITERAL_CONVERSION = YES;
				CLANG_WARN_OBJC_ROOT_CLASS = YES_ERROR;
				CLANG_WARN_QUOTED_INCLUDE_IN_FRAMEWORK_HEADER = YES;
				CLANG_WARN_RANGE_LOOP_ANALYSIS = YES;
				CLANG_WARN_STRICT_PROTOTYPES = YES;
				CLANG_WARN_SUSPICIOUS_MOVE = YES;
				CLANG_WARN_UNGUARDED_AVAILABILITY = YES_AGGRESSIVE;
				CLANG_WARN_UNREACHABLE_CODE = YES;
				CLANG_WARN__DUPLICATE_METHOD_MATCH = YES;
				COPY_PHASE_STRIP = NO;
				DEBUG_INFORMATION_FORMAT = dwarf;
				ENABLE_STRICT_OBJC_MSGSEND = YES;
				ENABLE_TESTABILITY = YES;
				GCC_C_LANGUAGE_STANDARD = gnu11;
				GCC_DYNAMIC_NO_PIC = NO;
				GCC_NO_COMMON_BLOCKS = YES;
				GCC_OPTIMIZATION_LEVEL = 0;
				GCC_PREPROCESSOR_DEFINITIONS = (
					"DEBUG=1",
					"$(inherited)",
				);
				GCC_WARN_64_TO_32_BIT_CONVERSION = YES;
				GCC_WARN_ABOUT_RETURN_TYPE = YES_ERROR;
				GCC_WARN_UNDECLARED_SELECTOR = YES;
				GCC_WARN_UNINITIALIZED_AUTOS = YES_AGGRESSIVE;
				GCC_WARN_UNUSED_FUNCTION = YES;
				GCC_WARN_UNUSED_VARIABLE = YES;
				IPHONEOS_DEPLOYMENT_TARGET = 16.1;
				MTL_ENABLE_DEBUG_INFO = INCLUDE_SOURCE;
				MTL_FAST_MATH = YES;
				ONLY_ACTIVE_ARCH = YES;
				SDKROOT = iphoneos;
				SWIFT_ACTIVE_COMPILATION_CONDITIONS = DEBUG;
				SWIFT_OPTIMIZATION_LEVEL = "-Onone";
			};
			name = Debug;
		};
		426988F62936133B0042F132 /* Release */ = {
			isa = XCBuildConfiguration;
			buildSettings = {
				ALWAYS_SEARCH_USER_PATHS = NO;
				CLANG_ANALYZER_NONNULL = YES;
				CLANG_ANALYZER_NUMBER_OBJECT_CONVERSION = YES_AGGRESSIVE;
				CLANG_CXX_LANGUAGE_STANDARD = "gnu++20";
				CLANG_ENABLE_MODULES = YES;
				CLANG_ENABLE_OBJC_ARC = YES;
				CLANG_ENABLE_OBJC_WEAK = YES;
				CLANG_WARN_BLOCK_CAPTURE_AUTORELEASING = YES;
				CLANG_WARN_BOOL_CONVERSION = YES;
				CLANG_WARN_COMMA = YES;
				CLANG_WARN_CONSTANT_CONVERSION = YES;
				CLANG_WARN_DEPRECATED_OBJC_IMPLEMENTATIONS = YES;
				CLANG_WARN_DIRECT_OBJC_ISA_USAGE = YES_ERROR;
				CLANG_WARN_DOCUMENTATION_COMMENTS = YES;
				CLANG_WARN_EMPTY_BODY = YES;
				CLANG_WARN_ENUM_CONVERSION = YES;
				CLANG_WARN_INFINITE_RECURSION = YES;
				CLANG_WARN_INT_CONVERSION = YES;
				CLANG_WARN_NON_LITERAL_NULL_CONVERSION = YES;
				CLANG_WARN_OBJC_IMPLICIT_RETAIN_SELF = YES;
				CLANG_WARN_OBJC_LITERAL_CONVERSION = YES;
				CLANG_WARN_OBJC_ROOT_CLASS = YES_ERROR;
				CLANG_WARN_QUOTED_INCLUDE_IN_FRAMEWORK_HEADER = YES;
				CLANG_WARN_RANGE_LOOP_ANALYSIS = YES;
				CLANG_WARN_STRICT_PROTOTYPES = YES;
				CLANG_WARN_SUSPICIOUS_MOVE = YES;
				CLANG_WARN_UNGUARDED_AVAILABILITY = YES_AGGRESSIVE;
				CLANG_WARN_UNREACHABLE_CODE = YES;
				CLANG_WARN__DUPLICATE_METHOD_MATCH = YES;
				COPY_PHASE_STRIP = NO;
				DEBUG_INFORMATION_FORMAT = "dwarf-with-dsym";
				ENABLE_NS_ASSERTIONS = NO;
				ENABLE_STRICT_OBJC_MSGSEND = YES;
				GCC_C_LANGUAGE_STANDARD = gnu11;
				GCC_NO_COMMON_BLOCKS = YES;
				GCC_WARN_64_TO_32_BIT_CONVERSION = YES;
				GCC_WARN_ABOUT_RETURN_TYPE = YES_ERROR;
				GCC_WARN_UNDECLARED_SELECTOR = YES;
				GCC_WARN_UNINITIALIZED_AUTOS = YES_AGGRESSIVE;
				GCC_WARN_UNUSED_FUNCTION = YES;
				GCC_WARN_UNUSED_VARIABLE = YES;
				IPHONEOS_DEPLOYMENT_TARGET = 16.1;
				MTL_ENABLE_DEBUG_INFO = NO;
				MTL_FAST_MATH = YES;
				SDKROOT = iphoneos;
				SWIFT_COMPILATION_MODE = wholemodule;
				SWIFT_OPTIMIZATION_LEVEL = "-O";
				VALIDATE_PRODUCT = YES;
			};
			name = Release;
		};
		426988F82936133B0042F132 /* Debug */ = {
			isa = XCBuildConfiguration;
			buildSettings = {
				ASSETCATALOG_COMPILER_APPICON_NAME = AppIcon;
				ASSETCATALOG_COMPILER_GLOBAL_ACCENT_COLOR_NAME = AccentColor;
				CODE_SIGN_STYLE = Automatic;
				CURRENT_PROJECT_VERSION = 1;
				DEVELOPMENT_TEAM = DM6MS6HP9G;
				GENERATE_INFOPLIST_FILE = YES;
				INFOPLIST_FILE = TicTacToeGame/Info.plist;
				INFOPLIST_KEY_UIApplicationSupportsIndirectInputEvents = YES;
				INFOPLIST_KEY_UILaunchStoryboardName = LaunchScreen;
				INFOPLIST_KEY_UIMainStoryboardFile = Main;
				INFOPLIST_KEY_UISupportedInterfaceOrientations_iPad = "UIInterfaceOrientationPortrait UIInterfaceOrientationPortraitUpsideDown UIInterfaceOrientationLandscapeLeft UIInterfaceOrientationLandscapeRight";
				INFOPLIST_KEY_UISupportedInterfaceOrientations_iPhone = "UIInterfaceOrientationPortrait UIInterfaceOrientationLandscapeLeft UIInterfaceOrientationLandscapeRight";
				LD_RUNPATH_SEARCH_PATHS = (
					"$(inherited)",
					"@executable_path/Frameworks",
				);
				MARKETING_VERSION = 1.0;
				PRODUCT_BUNDLE_IDENTIFIER = ITHS.TicTacToeGame;
				PRODUCT_NAME = "$(TARGET_NAME)";
				SWIFT_EMIT_LOC_STRINGS = YES;
				SWIFT_VERSION = 5.0;
				TARGETED_DEVICE_FAMILY = "1,2";
			};
			name = Debug;
		};
		426988F92936133B0042F132 /* Release */ = {
			isa = XCBuildConfiguration;
			buildSettings = {
				ASSETCATALOG_COMPILER_APPICON_NAME = AppIcon;
				ASSETCATALOG_COMPILER_GLOBAL_ACCENT_COLOR_NAME = AccentColor;
				CODE_SIGN_STYLE = Automatic;
				CURRENT_PROJECT_VERSION = 1;
				DEVELOPMENT_TEAM = DM6MS6HP9G;
				GENERATE_INFOPLIST_FILE = YES;
				INFOPLIST_FILE = TicTacToeGame/Info.plist;
				INFOPLIST_KEY_UIApplicationSupportsIndirectInputEvents = YES;
				INFOPLIST_KEY_UILaunchStoryboardName = LaunchScreen;
				INFOPLIST_KEY_UIMainStoryboardFile = Main;
				INFOPLIST_KEY_UISupportedInterfaceOrientations_iPad = "UIInterfaceOrientationPortrait UIInterfaceOrientationPortraitUpsideDown UIInterfaceOrientationLandscapeLeft UIInterfaceOrientationLandscapeRight";
				INFOPLIST_KEY_UISupportedInterfaceOrientations_iPhone = "UIInterfaceOrientationPortrait UIInterfaceOrientationLandscapeLeft UIInterfaceOrientationLandscapeRight";
				LD_RUNPATH_SEARCH_PATHS = (
					"$(inherited)",
					"@executable_path/Frameworks",
				);
				MARKETING_VERSION = 1.0;
				PRODUCT_BUNDLE_IDENTIFIER = ITHS.TicTacToeGame;
				PRODUCT_NAME = "$(TARGET_NAME)";
				SWIFT_EMIT_LOC_STRINGS = YES;
				SWIFT_VERSION = 5.0;
				TARGETED_DEVICE_FAMILY = "1,2";
			};
			name = Release;
		};
		426988FB2936133B0042F132 /* Debug */ = {
			isa = XCBuildConfiguration;
			buildSettings = {
				ALWAYS_EMBED_SWIFT_STANDARD_LIBRARIES = YES;
				BUNDLE_LOADER = "$(TEST_HOST)";
				CODE_SIGN_STYLE = Automatic;
				CURRENT_PROJECT_VERSION = 1;
				DEVELOPMENT_TEAM = DM6MS6HP9G;
				GENERATE_INFOPLIST_FILE = YES;
				IPHONEOS_DEPLOYMENT_TARGET = 16.1;
				MARKETING_VERSION = 1.0;
				PRODUCT_BUNDLE_IDENTIFIER = ITHS.TicTacToeGameTests;
				PRODUCT_NAME = "$(TARGET_NAME)";
				SWIFT_EMIT_LOC_STRINGS = NO;
				SWIFT_VERSION = 5.0;
				TARGETED_DEVICE_FAMILY = "1,2";
				TEST_HOST = "$(BUILT_PRODUCTS_DIR)/TicTacToeGame.app/$(BUNDLE_EXECUTABLE_FOLDER_PATH)/TicTacToeGame";
			};
			name = Debug;
		};
		426988FC2936133B0042F132 /* Release */ = {
			isa = XCBuildConfiguration;
			buildSettings = {
				ALWAYS_EMBED_SWIFT_STANDARD_LIBRARIES = YES;
				BUNDLE_LOADER = "$(TEST_HOST)";
				CODE_SIGN_STYLE = Automatic;
				CURRENT_PROJECT_VERSION = 1;
				DEVELOPMENT_TEAM = DM6MS6HP9G;
				GENERATE_INFOPLIST_FILE = YES;
				IPHONEOS_DEPLOYMENT_TARGET = 16.1;
				MARKETING_VERSION = 1.0;
				PRODUCT_BUNDLE_IDENTIFIER = ITHS.TicTacToeGameTests;
				PRODUCT_NAME = "$(TARGET_NAME)";
				SWIFT_EMIT_LOC_STRINGS = NO;
				SWIFT_VERSION = 5.0;
				TARGETED_DEVICE_FAMILY = "1,2";
				TEST_HOST = "$(BUILT_PRODUCTS_DIR)/TicTacToeGame.app/$(BUNDLE_EXECUTABLE_FOLDER_PATH)/TicTacToeGame";
			};
			name = Release;
		};
		426988FE2936133B0042F132 /* Debug */ = {
			isa = XCBuildConfiguration;
			buildSettings = {
				ALWAYS_EMBED_SWIFT_STANDARD_LIBRARIES = YES;
				CODE_SIGN_STYLE = Automatic;
				CURRENT_PROJECT_VERSION = 1;
				DEVELOPMENT_TEAM = DM6MS6HP9G;
				GENERATE_INFOPLIST_FILE = YES;
				MARKETING_VERSION = 1.0;
				PRODUCT_BUNDLE_IDENTIFIER = ITHS.TicTacToeGameUITests;
				PRODUCT_NAME = "$(TARGET_NAME)";
				SWIFT_EMIT_LOC_STRINGS = NO;
				SWIFT_VERSION = 5.0;
				TARGETED_DEVICE_FAMILY = "1,2";
				TEST_TARGET_NAME = TicTacToeGame;
			};
			name = Debug;
		};
		426988FF2936133B0042F132 /* Release */ = {
			isa = XCBuildConfiguration;
			buildSettings = {
				ALWAYS_EMBED_SWIFT_STANDARD_LIBRARIES = YES;
				CODE_SIGN_STYLE = Automatic;
				CURRENT_PROJECT_VERSION = 1;
				DEVELOPMENT_TEAM = DM6MS6HP9G;
				GENERATE_INFOPLIST_FILE = YES;
				MARKETING_VERSION = 1.0;
				PRODUCT_BUNDLE_IDENTIFIER = ITHS.TicTacToeGameUITests;
				PRODUCT_NAME = "$(TARGET_NAME)";
				SWIFT_EMIT_LOC_STRINGS = NO;
				SWIFT_VERSION = 5.0;
				TARGETED_DEVICE_FAMILY = "1,2";
				TEST_TARGET_NAME = TicTacToeGame;
			};
			name = Release;
		};
/* End XCBuildConfiguration section */

/* Begin XCConfigurationList section */
		426988C8293613370042F132 /* Build configuration list for PBXProject "TicTacToeGame" */ = {
			isa = XCConfigurationList;
			buildConfigurations = (
				426988F52936133B0042F132 /* Debug */,
				426988F62936133B0042F132 /* Release */,
			);
			defaultConfigurationIsVisible = 0;
			defaultConfigurationName = Release;
		};
		426988F72936133B0042F132 /* Build configuration list for PBXNativeTarget "TicTacToeGame" */ = {
			isa = XCConfigurationList;
			buildConfigurations = (
				426988F82936133B0042F132 /* Debug */,
				426988F92936133B0042F132 /* Release */,
			);
			defaultConfigurationIsVisible = 0;
			defaultConfigurationName = Release;
		};
		426988FA2936133B0042F132 /* Build configuration list for PBXNativeTarget "TicTacToeGameTests" */ = {
			isa = XCConfigurationList;
			buildConfigurations = (
				426988FB2936133B0042F132 /* Debug */,
				426988FC2936133B0042F132 /* Release */,
			);
			defaultConfigurationIsVisible = 0;
			defaultConfigurationName = Release;
		};
		426988FD2936133B0042F132 /* Build configuration list for PBXNativeTarget "TicTacToeGameUITests" */ = {
			isa = XCConfigurationList;
			buildConfigurations = (
				426988FE2936133B0042F132 /* Debug */,
				426988FF2936133B0042F132 /* Release */,
			);
			defaultConfigurationIsVisible = 0;
			defaultConfigurationName = Release;
		};
/* End XCConfigurationList section */
	};
	rootObject = 426988C5293613370042F132 /* Project object */;
}
